
Microsoft Visual Studio Solution File, Format Version 12.00
# Visual Studio Version 17
VisualStudioVersion = 17.2.32630.192
MinimumVisualStudioVersion = 10.0.40219.1
Project("{FAE04EC0-301F-11D3-BF4B-00C04F79EFBC}") = "LlmClient", "LlmClient\LlmClient.csproj", "{4C171B2D-730C-47C2-B784-E497B88B627A}"
EndProject
Global
	GlobalSection(SolutionConfigurationPlatforms) = preSolution
		Debug|Any CPU = Debug|Any CPU
		Release|Any CPU = Release|Any CPU
	EndGlobalSection
	GlobalSection(ProjectConfigurationPlatforms) = postSolution
		{4C171B2D-730C-47C2-B784-E497B88B627A}.Debug|Any CPU.ActiveCfg = Debug|Any CPU
		{4C171B2D-730C-47C2-B784-E497B88B627A}.Debug|Any CPU.Build.0 = Debug|Any CPU
		{4C171B2D-730C-47C2-B784-E497B88B627A}.Release|Any CPU.ActiveCfg = Release|Any CPU
		{4C171B2D-730C-47C2-B784-E497B88B627A}.Release|Any CPU.Build.0 = Release|Any CPU
	EndGlobalSection
	GlobalSection(SolutionProperties) = preSolution
		HideSolutionNode = FALSE
	EndGlobalSection
	GlobalSection(ExtensibilityGlobals) = postSolution
		SolutionGuid = {689C8300-0F08-4716-AEA6-8C22A3BD13D2}
	EndGlobalSection
EndGlobal
